// !$*UTF8*$!
{
	archiveVersion = 1;
	classes = {
	};
	objectVersion = 46;
	objects = {

/* Begin PBXBuildFile section */
		D8D884B41C0F1B220054A3C7 /* AppCell.m in Sources */ = {isa = PBXBuildFile; fileRef = D8D884B31C0F1B220054A3C7 /* AppCell.m */; };
		D8D884B81C0F49940054A3C7 /* CircleLayout.m in Sources */ = {isa = PBXBuildFile; fileRef = D8D884B71C0F49940054A3C7 /* CircleLayout.m */; };
		D8FDAE761C0E1E4800D2CDA4 /* main.m in Sources */ = {isa = PBXBuildFile; fileRef = D8FDAE751C0E1E4800D2CDA4 /* main.m */; };
		D8FDAE791C0E1E4800D2CDA4 /* AppDelegate.m in Sources */ = {isa = PBXBuildFile; fileRef = D8FDAE781C0E1E4800D2CDA4 /* AppDelegate.m */; };
		D8FDAE7C1C0E1E4800D2CDA4 /* ServerKeyViewController.m in Sources */ = {isa = PBXBuildFile; fileRef = D8FDAE7B1C0E1E4800D2CDA4 /* ServerKeyViewController.m */; };
		D8FDAE7F1C0E1E4800D2CDA4 /* Main.storyboard in Resources */ = {isa = PBXBuildFile; fileRef = D8FDAE7D1C0E1E4800D2CDA4 /* Main.storyboard */; };
		D8FDAE811C0E1E4800D2CDA4 /* Assets.xcassets in Resources */ = {isa = PBXBuildFile; fileRef = D8FDAE801C0E1E4800D2CDA4 /* Assets.xcassets */; };
		D8FDAE841C0E1E4800D2CDA4 /* LaunchScreen.storyboard in Resources */ = {isa = PBXBuildFile; fileRef = D8FDAE821C0E1E4800D2CDA4 /* LaunchScreen.storyboard */; };
		D8FDAE941C0E1FAD00D2CDA4 /* AppsViewController.m in Sources */ = {isa = PBXBuildFile; fileRef = D8FDAE931C0E1FAD00D2CDA4 /* AppsViewController.m */; };
		D8FDAE971C0E1FCA00D2CDA4 /* ServicesViewController.m in Sources */ = {isa = PBXBuildFile; fileRef = D8FDAE961C0E1FCA00D2CDA4 /* ServicesViewController.m */; };
		D8FDAE9D1C0E2A4600D2CDA4 /* ServiceManager.m in Sources */ = {isa = PBXBuildFile; fileRef = D8FDAE9C1C0E2A4600D2CDA4 /* ServiceManager.m */; };
		D8FDAEA31C0E362300D2CDA4 /* RestManager.m in Sources */ = {isa = PBXBuildFile; fileRef = D8FDAEA21C0E362300D2CDA4 /* RestManager.m */; };
		D8FDAEA81C0E39B600D2CDA4 /* AppsParserElement.m in Sources */ = {isa = PBXBuildFile; fileRef = D8FDAEA71C0E39B600D2CDA4 /* AppsParserElement.m */; };
/* End PBXBuildFile section */

/* Begin PBXFileReference section */
		D8D884B21C0F1B220054A3C7 /* AppCell.h */ = {isa = PBXFileReference; fileEncoding = 4; lastKnownFileType = sourcecode.c.h; name = AppCell.h; path = Cells/AppCell.h; sourceTree = "<group>"; };
		D8D884B31C0F1B220054A3C7 /* AppCell.m */ = {isa = PBXFileReference; fileEncoding = 4; lastKnownFileType = sourcecode.c.objc; name = AppCell.m; path = Cells/AppCell.m; sourceTree = "<group>"; };
		D8D884B61C0F49940054A3C7 /* CircleLayout.h */ = {isa = PBXFileReference; fileEncoding = 4; lastKnownFileType = sourcecode.c.h; name = CircleLayout.h; path = Classes/CircleLayout.h; sourceTree = "<group>"; };
		D8D884B71C0F49940054A3C7 /* CircleLayout.m */ = {isa = PBXFileReference; fileEncoding = 4; lastKnownFileType = sourcecode.c.objc; name = CircleLayout.m; path = Classes/CircleLayout.m; sourceTree = "<group>"; };
		D8FDAE711C0E1E4800D2CDA4 /* ActiveApps.app */ = {isa = PBXFileReference; explicitFileType = wrapper.application; includeInIndex = 0; path = ActiveApps.app; sourceTree = BUILT_PRODUCTS_DIR; };
		D8FDAE751C0E1E4800D2CDA4 /* main.m */ = {isa = PBXFileReference; lastKnownFileType = sourcecode.c.objc; path = main.m; sourceTree = "<group>"; };
		D8FDAE771C0E1E4800D2CDA4 /* AppDelegate.h */ = {isa = PBXFileReference; lastKnownFileType = sourcecode.c.h; path = AppDelegate.h; sourceTree = "<group>"; };
		D8FDAE781C0E1E4800D2CDA4 /* AppDelegate.m */ = {isa = PBXFileReference; lastKnownFileType = sourcecode.c.objc; path = AppDelegate.m; sourceTree = "<group>"; };
		D8FDAE7A1C0E1E4800D2CDA4 /* ServerKeyViewController.h */ = {isa = PBXFileReference; lastKnownFileType = sourcecode.c.h; path = ServerKeyViewController.h; sourceTree = "<group>"; };
		D8FDAE7B1C0E1E4800D2CDA4 /* ServerKeyViewController.m */ = {isa = PBXFileReference; lastKnownFileType = sourcecode.c.objc; path = ServerKeyViewController.m; sourceTree = "<group>"; };
		D8FDAE7E1C0E1E4800D2CDA4 /* Base */ = {isa = PBXFileReference; lastKnownFileType = file.storyboard; name = Base; path = Base.lproj/Main.storyboard; sourceTree = "<group>"; };
		D8FDAE801C0E1E4800D2CDA4 /* Assets.xcassets */ = {isa = PBXFileReference; lastKnownFileType = folder.assetcatalog; path = Assets.xcassets; sourceTree = "<group>"; };
		D8FDAE831C0E1E4800D2CDA4 /* Base */ = {isa = PBXFileReference; lastKnownFileType = file.storyboard; name = Base; path = Base.lproj/LaunchScreen.storyboard; sourceTree = "<group>"; };
		D8FDAE851C0E1E4800D2CDA4 /* Info.plist */ = {isa = PBXFileReference; lastKnownFileType = text.plist.xml; path = Info.plist; sourceTree = "<group>"; };
		D8FDAE921C0E1FAD00D2CDA4 /* AppsViewController.h */ = {isa = PBXFileReference; fileEncoding = 4; lastKnownFileType = sourcecode.c.h; name = AppsViewController.h; path = ViewControllers/AppsViewController.h; sourceTree = "<group>"; };
		D8FDAE931C0E1FAD00D2CDA4 /* AppsViewController.m */ = {isa = PBXFileReference; fileEncoding = 4; lastKnownFileType = sourcecode.c.objc; name = AppsViewController.m; path = ViewControllers/AppsViewController.m; sourceTree = "<group>"; };
		D8FDAE951C0E1FCA00D2CDA4 /* ServicesViewController.h */ = {isa = PBXFileReference; fileEncoding = 4; lastKnownFileType = sourcecode.c.h; name = ServicesViewController.h; path = ViewControllers/ServicesViewController.h; sourceTree = "<group>"; };
		D8FDAE961C0E1FCA00D2CDA4 /* ServicesViewController.m */ = {isa = PBXFileReference; fileEncoding = 4; lastKnownFileType = sourcecode.c.objc; name = ServicesViewController.m; path = ViewControllers/ServicesViewController.m; sourceTree = "<group>"; };
		D8FDAE9B1C0E2A4600D2CDA4 /* ServiceManager.h */ = {isa = PBXFileReference; fileEncoding = 4; lastKnownFileType = sourcecode.c.h; name = ServiceManager.h; path = Managers/ServiceManager.h; sourceTree = "<group>"; };
		D8FDAE9C1C0E2A4600D2CDA4 /* ServiceManager.m */ = {isa = PBXFileReference; fileEncoding = 4; lastKnownFileType = sourcecode.c.objc; name = ServiceManager.m; path = Managers/ServiceManager.m; sourceTree = "<group>"; };
		D8FDAE9E1C0E2DBE00D2CDA4 /* PrefixHeader.pch */ = {isa = PBXFileReference; lastKnownFileType = sourcecode.c.h; path = PrefixHeader.pch; sourceTree = "<group>"; };
		D8FDAE9F1C0E31AE00D2CDA4 /* Constants.h */ = {isa = PBXFileReference; lastKnownFileType = sourcecode.c.h; path = Constants.h; sourceTree = "<group>"; };
		D8FDAEA11C0E362300D2CDA4 /* RestManager.h */ = {isa = PBXFileReference; fileEncoding = 4; lastKnownFileType = sourcecode.c.h; path = RestManager.h; sourceTree = "<group>"; };
		D8FDAEA21C0E362300D2CDA4 /* RestManager.m */ = {isa = PBXFileReference; fileEncoding = 4; lastKnownFileType = sourcecode.c.objc; path = RestManager.m; sourceTree = "<group>"; };
		D8FDAEA61C0E39B600D2CDA4 /* AppsParserElement.h */ = {isa = PBXFileReference; fileEncoding = 4; lastKnownFileType = sourcecode.c.h; name = AppsParserElement.h; path = Classes/AppsParserElement.h; sourceTree = "<group>"; };
		D8FDAEA71C0E39B600D2CDA4 /* AppsParserElement.m */ = {isa = PBXFileReference; fileEncoding = 4; lastKnownFileType = sourcecode.c.objc; name = AppsParserElement.m; path = Classes/AppsParserElement.m; sourceTree = "<group>"; };
/* End PBXFileReference section */

/* Begin PBXFrameworksBuildPhase section */
		D8FDAE6E1C0E1E4800D2CDA4 /* Frameworks */ = {
			isa = PBXFrameworksBuildPhase;
			buildActionMask = 2147483647;
			files = (
			);
			runOnlyForDeploymentPostprocessing = 0;
		};
/* End PBXFrameworksBuildPhase section */

/* Begin PBXGroup section */
		D8D884B11C0F1AFD0054A3C7 /* Cells */ = {
			isa = PBXGroup;
			children = (
				D8D884B21C0F1B220054A3C7 /* AppCell.h */,
				D8D884B31C0F1B220054A3C7 /* AppCell.m */,
			);
			name = Cells;
			sourceTree = "<group>";
		};
		D8D884B51C0F49820054A3C7 /* Classes */ = {
			isa = PBXGroup;
			children = (
				D8D884B61C0F49940054A3C7 /* CircleLayout.h */,
				D8D884B71C0F49940054A3C7 /* CircleLayout.m */,
			);
			name = Classes;
			sourceTree = "<group>";
		};
		D8FDAE681C0E1E4800D2CDA4 = {
			isa = PBXGroup;
			children = (
				D8FDAE731C0E1E4800D2CDA4 /* ActiveApps */,
				D8FDAE721C0E1E4800D2CDA4 /* Products */,
			);
			sourceTree = "<group>";
		};
		D8FDAE721C0E1E4800D2CDA4 /* Products */ = {
			isa = PBXGroup;
			children = (
				D8FDAE711C0E1E4800D2CDA4 /* ActiveApps.app */,
			);
			name = Products;
			sourceTree = "<group>";
		};
		D8FDAE731C0E1E4800D2CDA4 /* ActiveApps */ = {
			isa = PBXGroup;
			children = (
				D8FDAE8B1C0E1F0900D2CDA4 /* Application */,
				D8D884B11C0F1AFD0054A3C7 /* Cells */,
				D8D884B51C0F49820054A3C7 /* Classes */,
				D8FDAE981C0E29EE00D2CDA4 /* Managers */,
				D8FDAEA41C0E396500D2CDA4 /* Models */,
				D8FDAE8C1C0E1F1F00D2CDA4 /* ViewControllers */,
				D8FDAE8D1C0E1F3000D2CDA4 /* Storyboards */,
				D8FDAE8E1C0E1F3F00D2CDA4 /* Resources */,
				D8FDAE741C0E1E4800D2CDA4 /* Supporting Files */,
			);
			path = ActiveApps;
			sourceTree = "<group>";
		};
		D8FDAE741C0E1E4800D2CDA4 /* Supporting Files */ = {
			isa = PBXGroup;
			children = (
				D8FDAE751C0E1E4800D2CDA4 /* main.m */,
				D8FDAE9E1C0E2DBE00D2CDA4 /* PrefixHeader.pch */,
			);
			name = "Supporting Files";
			sourceTree = "<group>";
		};
		D8FDAE8B1C0E1F0900D2CDA4 /* Application */ = {
			isa = PBXGroup;
			children = (
				D8FDAE771C0E1E4800D2CDA4 /* AppDelegate.h */,
				D8FDAE781C0E1E4800D2CDA4 /* AppDelegate.m */,
				D8FDAE851C0E1E4800D2CDA4 /* Info.plist */,
			);
			name = Application;
			sourceTree = "<group>";
		};
		D8FDAE8C1C0E1F1F00D2CDA4 /* ViewControllers */ = {
			isa = PBXGroup;
			children = (
				D8FDAE911C0E1F7E00D2CDA4 /* AppsViewController */,
				D8FDAE901C0E1F6600D2CDA4 /* ServicesViewController */,
				D8FDAE8F1C0E1F5400D2CDA4 /* ServerKeyViewController */,
			);
			name = ViewControllers;
			sourceTree = "<group>";
		};
		D8FDAE8D1C0E1F3000D2CDA4 /* Storyboards */ = {
			isa = PBXGroup;
			children = (
				D8FDAE7D1C0E1E4800D2CDA4 /* Main.storyboard */,
				D8FDAE821C0E1E4800D2CDA4 /* LaunchScreen.storyboard */,
			);
			name = Storyboards;
			sourceTree = "<group>";
		};
		D8FDAE8E1C0E1F3F00D2CDA4 /* Resources */ = {
			isa = PBXGroup;
			children = (
				D8FDAE801C0E1E4800D2CDA4 /* Assets.xcassets */,
				D8FDAE9F1C0E31AE00D2CDA4 /* Constants.h */,
			);
			name = Resources;
			sourceTree = "<group>";
		};
		D8FDAE8F1C0E1F5400D2CDA4 /* ServerKeyViewController */ = {
			isa = PBXGroup;
			children = (
				D8FDAE7A1C0E1E4800D2CDA4 /* ServerKeyViewController.h */,
				D8FDAE7B1C0E1E4800D2CDA4 /* ServerKeyViewController.m */,
			);
			name = ServerKeyViewController;
			sourceTree = "<group>";
		};
		D8FDAE901C0E1F6600D2CDA4 /* ServicesViewController */ = {
			isa = PBXGroup;
			children = (
				D8FDAE951C0E1FCA00D2CDA4 /* ServicesViewController.h */,
				D8FDAE961C0E1FCA00D2CDA4 /* ServicesViewController.m */,
			);
			name = ServicesViewController;
			sourceTree = "<group>";
		};
		D8FDAE911C0E1F7E00D2CDA4 /* AppsViewController */ = {
			isa = PBXGroup;
			children = (
				D8FDAE921C0E1FAD00D2CDA4 /* AppsViewController.h */,
				D8FDAE931C0E1FAD00D2CDA4 /* AppsViewController.m */,
			);
			name = AppsViewController;
			sourceTree = "<group>";
		};
		D8FDAE981C0E29EE00D2CDA4 /* Managers */ = {
			isa = PBXGroup;
			children = (
				D8FDAEA01C0E360300D2CDA4 /* RestManager */,
				D8FDAE991C0E2A1300D2CDA4 /* ServiceManager */,
			);
			name = Managers;
			sourceTree = "<group>";
		};
		D8FDAE991C0E2A1300D2CDA4 /* ServiceManager */ = {
			isa = PBXGroup;
			children = (
				D8FDAE9B1C0E2A4600D2CDA4 /* ServiceManager.h */,
				D8FDAE9C1C0E2A4600D2CDA4 /* ServiceManager.m */,
			);
			name = ServiceManager;
			sourceTree = "<group>";
		};
		D8FDAEA01C0E360300D2CDA4 /* RestManager */ = {
			isa = PBXGroup;
			children = (
				D8FDAEA11C0E362300D2CDA4 /* RestManager.h */,
				D8FDAEA21C0E362300D2CDA4 /* RestManager.m */,
			);
			name = RestManager;
			sourceTree = "<group>";
		};
		D8FDAEA41C0E396500D2CDA4 /* Models */ = {
			isa = PBXGroup;
			children = (
				D8FDAEA51C0E397200D2CDA4 /* AppsParserElement */,
			);
			name = Models;
			sourceTree = "<group>";
		};
		D8FDAEA51C0E397200D2CDA4 /* AppsParserElement */ = {
			isa = PBXGroup;
			children = (
				D8FDAEA61C0E39B600D2CDA4 /* AppsParserElement.h */,
				D8FDAEA71C0E39B600D2CDA4 /* AppsParserElement.m */,
			);
			name = AppsParserElement;
			sourceTree = "<group>";
		};
/* End PBXGroup section */

/* Begin PBXNativeTarget section */
		D8FDAE701C0E1E4800D2CDA4 /* ActiveApps */ = {
			isa = PBXNativeTarget;
			buildConfigurationList = D8FDAE881C0E1E4800D2CDA4 /* Build configuration list for PBXNativeTarget "ActiveApps" */;
			buildPhases = (
				D8FDAE6D1C0E1E4800D2CDA4 /* Sources */,
				D8FDAE6E1C0E1E4800D2CDA4 /* Frameworks */,
				D8FDAE6F1C0E1E4800D2CDA4 /* Resources */,
			);
			buildRules = (
			);
			dependencies = (
			);
			name = ActiveApps;
			productName = ActiveApps;
			productReference = D8FDAE711C0E1E4800D2CDA4 /* ActiveApps.app */;
			productType = "com.apple.product-type.application";
		};
/* End PBXNativeTarget section */

/* Begin PBXProject section */
		D8FDAE691C0E1E4800D2CDA4 /* Project object */ = {
			isa = PBXProject;
			attributes = {
				LastUpgradeCheck = 0710;
				ORGANIZATIONNAME = ThinkMobiles;
				TargetAttributes = {
					D8FDAE701C0E1E4800D2CDA4 = {
						CreatedOnToolsVersion = 7.1.1;
					};
				};
			};
			buildConfigurationList = D8FDAE6C1C0E1E4800D2CDA4 /* Build configuration list for PBXProject "ActiveApps" */;
			compatibilityVersion = "Xcode 3.2";
			developmentRegion = English;
			hasScannedForEncodings = 0;
			knownRegions = (
				en,
				Base,
			);
			mainGroup = D8FDAE681C0E1E4800D2CDA4;
			productRefGroup = D8FDAE721C0E1E4800D2CDA4 /* Products */;
			projectDirPath = "";
			projectRoot = "";
			targets = (
				D8FDAE701C0E1E4800D2CDA4 /* ActiveApps */,
			);
		};
/* End PBXProject section */

/* Begin PBXResourcesBuildPhase section */
		D8FDAE6F1C0E1E4800D2CDA4 /* Resources */ = {
			isa = PBXResourcesBuildPhase;
			buildActionMask = 2147483647;
			files = (
				D8FDAE841C0E1E4800D2CDA4 /* LaunchScreen.storyboard in Resources */,
				D8FDAE811C0E1E4800D2CDA4 /* Assets.xcassets in Resources */,
				D8FDAE7F1C0E1E4800D2CDA4 /* Main.storyboard in Resources */,
			);
			runOnlyForDeploymentPostprocessing = 0;
		};
/* End PBXResourcesBuildPhase section */

/* Begin PBXSourcesBuildPhase section */
		D8FDAE6D1C0E1E4800D2CDA4 /* Sources */ = {
			isa = PBXSourcesBuildPhase;
			buildActionMask = 2147483647;
			files = (
				D8D884B41C0F1B220054A3C7 /* AppCell.m in Sources */,
				D8FDAEA81C0E39B600D2CDA4 /* AppsParserElement.m in Sources */,
				D8FDAE7C1C0E1E4800D2CDA4 /* ServerKeyViewController.m in Sources */,
				D8D884B81C0F49940054A3C7 /* CircleLayout.m in Sources */,
				D8FDAE791C0E1E4800D2CDA4 /* AppDelegate.m in Sources */,
				D8FDAE941C0E1FAD00D2CDA4 /* AppsViewController.m in Sources */,
				D8FDAE9D1C0E2A4600D2CDA4 /* ServiceManager.m in Sources */,
				D8FDAE971C0E1FCA00D2CDA4 /* ServicesViewController.m in Sources */,
				D8FDAE761C0E1E4800D2CDA4 /* main.m in Sources */,
				D8FDAEA31C0E362300D2CDA4 /* RestManager.m in Sources */,
			);
			runOnlyForDeploymentPostprocessing = 0;
		};
/* End PBXSourcesBuildPhase section */

/* Begin PBXVariantGroup section */
		D8FDAE7D1C0E1E4800D2CDA4 /* Main.storyboard */ = {
			isa = PBXVariantGroup;
			children = (
				D8FDAE7E1C0E1E4800D2CDA4 /* Base */,
			);
			name = Main.storyboard;
			sourceTree = "<group>";
		};
		D8FDAE821C0E1E4800D2CDA4 /* LaunchScreen.storyboard */ = {
			isa = PBXVariantGroup;
			children = (
				D8FDAE831C0E1E4800D2CDA4 /* Base */,
			);
			name = LaunchScreen.storyboard;
			sourceTree = "<group>";
		};
/* End PBXVariantGroup section */

/* Begin XCBuildConfiguration section */
		D8FDAE861C0E1E4800D2CDA4 /* Debug */ = {
			isa = XCBuildConfiguration;
			buildSettings = {
				ALWAYS_SEARCH_USER_PATHS = NO;
				CLANG_CXX_LANGUAGE_STANDARD = "gnu++0x";
				CLANG_CXX_LIBRARY = "libc++";
				CLANG_ENABLE_MODULES = YES;
				CLANG_ENABLE_OBJC_ARC = YES;
				CLANG_WARN_BOOL_CONVERSION = YES;
				CLANG_WARN_CONSTANT_CONVERSION = YES;
				CLANG_WARN_DIRECT_OBJC_ISA_USAGE = YES_ERROR;
				CLANG_WARN_EMPTY_BODY = YES;
				CLANG_WARN_ENUM_CONVERSION = YES;
				CLANG_WARN_INT_CONVERSION = YES;
				CLANG_WARN_OBJC_ROOT_CLASS = YES_ERROR;
				CLANG_WARN_UNREACHABLE_CODE = YES;
				CLANG_WARN__DUPLICATE_METHOD_MATCH = YES;
				"CODE_SIGN_IDENTITY[sdk=iphoneos*]" = "iPhone Developer";
				COPY_PHASE_STRIP = NO;
				DEBUG_INFORMATION_FORMAT = dwarf;
				ENABLE_STRICT_OBJC_MSGSEND = YES;
				ENABLE_TESTABILITY = YES;
				GCC_C_LANGUAGE_STANDARD = gnu99;
				GCC_DYNAMIC_NO_PIC = NO;
				GCC_NO_COMMON_BLOCKS = YES;
				GCC_OPTIMIZATION_LEVEL = 0;
				GCC_PREPROCESSOR_DEFINITIONS = (
					"DEBUG=1",
					"$(inherited)",
				);
				GCC_WARN_64_TO_32_BIT_CONVERSION = YES;
				GCC_WARN_ABOUT_RETURN_TYPE = YES_ERROR;
				GCC_WARN_UNDECLARED_SELECTOR = YES;
				GCC_WARN_UNINITIALIZED_AUTOS = YES_AGGRESSIVE;
				GCC_WARN_UNUSED_FUNCTION = YES;
				GCC_WARN_UNUSED_VARIABLE = YES;
				IPHONEOS_DEPLOYMENT_TARGET = 9.1;
				MTL_ENABLE_DEBUG_INFO = YES;
				ONLY_ACTIVE_ARCH = YES;
				SDKROOT = iphoneos;
				TARGETED_DEVICE_FAMILY = "1,2";
			};
			name = Debug;
		};
		D8FDAE871C0E1E4800D2CDA4 /* Release */ = {
			isa = XCBuildConfiguration;
			buildSettings = {
				ALWAYS_SEARCH_USER_PATHS = NO;
				CLANG_CXX_LANGUAGE_STANDARD = "gnu++0x";
				CLANG_CXX_LIBRARY = "libc++";
				CLANG_ENABLE_MODULES = YES;
				CLANG_ENABLE_OBJC_ARC = YES;
				CLANG_WARN_BOOL_CONVERSION = YES;
				CLANG_WARN_CONSTANT_CONVERSION = YES;
				CLANG_WARN_DIRECT_OBJC_ISA_USAGE = YES_ERROR;
				CLANG_WARN_EMPTY_BODY = YES;
				CLANG_WARN_ENUM_CONVERSION = YES;
				CLANG_WARN_INT_CONVERSION = YES;
				CLANG_WARN_OBJC_ROOT_CLASS = YES_ERROR;
				CLANG_WARN_UNREACHABLE_CODE = YES;
				CLANG_WARN__DUPLICATE_METHOD_MATCH = YES;
				"CODE_SIGN_IDENTITY[sdk=iphoneos*]" = "iPhone Developer";
				COPY_PHASE_STRIP = NO;
				DEBUG_INFORMATION_FORMAT = "dwarf-with-dsym";
				ENABLE_NS_ASSERTIONS = NO;
				ENABLE_STRICT_OBJC_MSGSEND = YES;
				GCC_C_LANGUAGE_STANDARD = gnu99;
				GCC_NO_COMMON_BLOCKS = YES;
				GCC_WARN_64_TO_32_BIT_CONVERSION = YES;
				GCC_WARN_ABOUT_RETURN_TYPE = YES_ERROR;
				GCC_WARN_UNDECLARED_SELECTOR = YES;
				GCC_WARN_UNINITIALIZED_AUTOS = YES_AGGRESSIVE;
				GCC_WARN_UNUSED_FUNCTION = YES;
				GCC_WARN_UNUSED_VARIABLE = YES;
				IPHONEOS_DEPLOYMENT_TARGET = 9.1;
				MTL_ENABLE_DEBUG_INFO = NO;
				SDKROOT = iphoneos;
				TARGETED_DEVICE_FAMILY = "1,2";
				VALIDATE_PRODUCT = YES;
			};
			name = Release;
		};
		D8FDAE891C0E1E4800D2CDA4 /* Debug */ = {
			isa = XCBuildConfiguration;
			buildSettings = {
				ASSETCATALOG_COMPILER_APPICON_NAME = AppIcon;
				GCC_PRECOMPILE_PREFIX_HEADER = YES;
				GCC_PREFIX_HEADER = ActiveApps/PrefixHeader.pch;
				INFOPLIST_FILE = ActiveApps/Info.plist;
				LD_RUNPATH_SEARCH_PATHS = "$(inherited) @executable_path/Frameworks";
				PRODUCT_BUNDLE_IDENTIFIER = com.ThinkMobiles.ActiveApps;
				PRODUCT_NAME = "$(TARGET_NAME)";
			};
			name = Debug;
		};
		D8FDAE8A1C0E1E4800D2CDA4 /* Release */ = {
			isa = XCBuildConfiguration;
			buildSettings = {
				ASSETCATALOG_COMPILER_APPICON_NAME = AppIcon;
				GCC_PRECOMPILE_PREFIX_HEADER = YES;
				GCC_PREFIX_HEADER = ActiveApps/PrefixHeader.pch;
				INFOPLIST_FILE = ActiveApps/Info.plist;
				LD_RUNPATH_SEARCH_PATHS = "$(inherited) @executable_path/Frameworks";
				PRODUCT_BUNDLE_IDENTIFIER = com.ThinkMobiles.ActiveApps;
				PRODUCT_NAME = "$(TARGET_NAME)";
			};
			name = Release;
		};
/* End XCBuildConfiguration section */

/* Begin XCConfigurationList section */
		D8FDAE6C1C0E1E4800D2CDA4 /* Build configuration list for PBXProject "ActiveApps" */ = {
			isa = XCConfigurationList;
			buildConfigurations = (
				D8FDAE861C0E1E4800D2CDA4 /* Debug */,
				D8FDAE871C0E1E4800D2CDA4 /* Release */,
			);
			defaultConfigurationIsVisible = 0;
			defaultConfigurationName = Release;
		};
		D8FDAE881C0E1E4800D2CDA4 /* Build configuration list for PBXNativeTarget "ActiveApps" */ = {
			isa = XCConfigurationList;
			buildConfigurations = (
				D8FDAE891C0E1E4800D2CDA4 /* Debug */,
				D8FDAE8A1C0E1E4800D2CDA4 /* Release */,
			);
			defaultConfigurationIsVisible = 0;
			defaultConfigurationName = Release;
		};
/* End XCConfigurationList section */
	};
	rootObject = D8FDAE691C0E1E4800D2CDA4 /* Project object */;
}
